{
  "name": "@tinhuynh13/tea-xyz-quest",
  "version": "2.0.0",
  "lockfileVersion": 3,
  "requires": true,
  "packages": {
    "": {
      "name": "@tinhuynh13/tea-xyz-quest",
      "version": "2.0.0",
      "license": "ISC",
      "dependencies": {
        "@huytran/tea-xyz-quest": "^3.0.1",
        "@tinhuynh13/tea-quest-de": "^2.2.0",
        "package-lock.json": "^1.0.0"
      }
    },
    "node_modules/@huytran/tea-xyz-quest": {
      "version": "3.0.1",
      "resolved": "https://registry.npmjs.org/@huytran/tea-xyz-quest/-/tea-xyz-quest-3.0.1.tgz",
      "integrity": "sha512-wz44iKWf/jMDaX5wMOHRUI/ggB2Nt3PnFjZ36eTMwItCwztrinHRGocNL6XWqP1DggABDyjsDYdQzXz0fbSYEQ=="
    },
    "node_modules/@tinhuynh13/tea-quest-de": {
      "version": "2.2.0",
      "resolved": "https://registry.npmjs.org/@tinhuynh13/tea-quest-de/-/tea-quest-de-2.2.0.tgz",
      "integrity": "sha512-qbHEM1432vCs9bPJM65o79nq8FftS651V/tTa3EvAaX2uGyi9wGcYKzFQ7fq1GDYT1QN5GyZaB2F6Ax4zYwKTg==",
      "dependencies": {
        "@huytran/tea-xyz-quest": "^1.0.0",
        "@tinhuynh13/tea-xyz-quest": "^1.0.0"
      }
    },
    "node_modules/@tinhuynh13/tea-quest-de/node_modules/@huytran/tea-xyz-quest": {
      "version": "1.0.0",
      "resolved": "https://registry.npmjs.org/@huytran/tea-xyz-quest/-/tea-xyz-quest-1.0.0.tgz",
      "integrity": "sha512-fCwRKZeZUZjQ0OjVSZFGWjXRWGFp+rVPEVaU5uGwRVBFNPT2i/YhyF5kCfhTixITi3VfD5DGHfHB9IRF95UjgQ=="
    },
    "node_modules/@tinhuynh13/tea-xyz-quest": {
      "version": "1.0.0",
      "resolved": "https://registry.npmjs.org/@tinhuynh13/tea-xyz-quest/-/tea-xyz-quest-1.0.0.tgz",
      "integrity": "sha512-beJ6gCAVcpkBU34LuanTetxzgqVxA3YJ0gs+0RjnTwM7iL/Sok0+IgT49NU3+g5sB78CSaDkDhzv21yOhEs+LQ=="
    },
    "node_modules/package-lock.json": {
      "version": "1.0.0",
      "resolved": "https://registry.npmjs.org/package-lock.json/-/package-lock.json-1.0.0.tgz",
      "integrity": "sha512-+yEXtNdlCs5N0Zy/9uvkifgf/RqnGu0WqP4j9Wu1Us4YReFe1YNBh2Krmf8B1xGxjpYnta63K55QP8bkafnOzA=="
    }
  }
}
